
Microsoft Visual Studio Solution File, Format Version 12.00
# Visual Studio Version 17
VisualStudioVersion = 17.0.31903.59
MinimumVisualStudioVersion = 10.0.40219.1
Project("{2150E333-8FDC-42A3-9474-1A3956D46DE8}") = "src", "src", "{827E0CD3-B72D-47B6-A68D-7590B98EB39B}"
EndProject
Project("{2150E333-8FDC-42A3-9474-1A3956D46DE8}") = "Companies", "Companies", "{C1D5BCA1-F210-6F2E-0942-6CA340E1E789}"
EndProject
Project("{2150E333-8FDC-42A3-9474-1A3956D46DE8}") = "GM", "GM", "{525596E0-B1AE-CBFC-4C6E-0AF73C53E379}"
EndProject
Project("{2150E333-8FDC-42A3-9474-1A3956D46DE8}") = "CatalogSync", "CatalogSync", "{7A34D135-D6EB-0AD4-5441-92FDF36274C9}"
EndProject
Project("{FAE04EC0-301F-11D3-BF4B-00C04F79EFBC}") = "GM.CatalogSync.API", "src\Companies\GM\CatalogSync\GM.CatalogSync.API\GM.CatalogSync.API.csproj", "{98540EDE-0F91-4FB8-B64F-F0A83CAC9171}"
EndProject
Project("{FAE04EC0-301F-11D3-BF4B-00C04F79EFBC}") = "GM.CatalogSync.Application", "src\Companies\GM\CatalogSync\GM.CatalogSync.Application\GM.CatalogSync.Application.csproj", "{AF5FD922-F35E-484A-8D96-91DC354DE862}"
EndProject
Project("{FAE04EC0-301F-11D3-BF4B-00C04F79EFBC}") = "GM.CatalogSync.Domain", "src\Companies\GM\CatalogSync\GM.CatalogSync.Domain\GM.CatalogSync.Domain.csproj", "{734A6E58-E8EA-4754-AFB8-3554F42187A5}"
EndProject
Project("{FAE04EC0-301F-11D3-BF4B-00C04F79EFBC}") = "GM.CatalogSync.Infrastructure", "src\Companies\GM\CatalogSync\GM.CatalogSync.Infrastructure\GM.CatalogSync.Infrastructure.csproj", "{DB108544-80BF-4A4A-A411-5AE47BD92976}"
EndProject
Project("{2150E333-8FDC-42A3-9474-1A3956D46DE8}") = "Shared", "Shared", "{C8E42992-5E42-0C2B-DBFE-AA848D06431C}"
EndProject
Project("{FAE04EC0-301F-11D3-BF4B-00C04F79EFBC}") = "Shared.Contracts", "src\Shared\Shared.Contracts\Shared.Contracts.csproj", "{9D589BB9-4FAD-4543-98D4-1CE6C432C891}"
EndProject
Project("{FAE04EC0-301F-11D3-BF4B-00C04F79EFBC}") = "Shared.Security", "src\Shared\Shared.Security\Shared.Security.csproj", "{2706844B-28FA-44EC-8145-A8B3DD7E17E1}"
EndProject
Project("{FAE04EC0-301F-11D3-BF4B-00C04F79EFBC}") = "Shared.Exceptions", "src\Shared\Shared.Exceptions\Shared.Exceptions.csproj", "{57042F35-F421-4A8A-90AC-343CC4F9DF62}"
EndProject
Project("{FAE04EC0-301F-11D3-BF4B-00C04F79EFBC}") = "Shared.Infrastructure", "src\Shared\Shared.Infrastructure\Shared.Infrastructure.csproj", "{11AC8C47-F5A6-461E-B644-328C79B7CD19}"
EndProject
Global
	GlobalSection(SolutionConfigurationPlatforms) = preSolution
		Debug|Any CPU = Debug|Any CPU
		Debug|x64 = Debug|x64
		Debug|x86 = Debug|x86
		Release|Any CPU = Release|Any CPU
		Release|x64 = Release|x64
		Release|x86 = Release|x86
	EndGlobalSection
	GlobalSection(ProjectConfigurationPlatforms) = postSolution
		{98540EDE-0F91-4FB8-B64F-F0A83CAC9171}.Debug|Any CPU.ActiveCfg = Debug|Any CPU
		{98540EDE-0F91-4FB8-B64F-F0A83CAC9171}.Debug|Any CPU.Build.0 = Debug|Any CPU
		{98540EDE-0F91-4FB8-B64F-F0A83CAC9171}.Debug|x64.ActiveCfg = Debug|Any CPU
		{98540EDE-0F91-4FB8-B64F-F0A83CAC9171}.Debug|x64.Build.0 = Debug|Any CPU
		{98540EDE-0F91-4FB8-B64F-F0A83CAC9171}.Debug|x86.ActiveCfg = Debug|Any CPU
		{98540EDE-0F91-4FB8-B64F-F0A83CAC9171}.Debug|x86.Build.0 = Debug|Any CPU
		{98540EDE-0F91-4FB8-B64F-F0A83CAC9171}.Release|Any CPU.ActiveCfg = Release|Any CPU
		{98540EDE-0F91-4FB8-B64F-F0A83CAC9171}.Release|Any CPU.Build.0 = Release|Any CPU
		{98540EDE-0F91-4FB8-B64F-F0A83CAC9171}.Release|x64.ActiveCfg = Release|Any CPU
		{98540EDE-0F91-4FB8-B64F-F0A83CAC9171}.Release|x64.Build.0 = Release|Any CPU
		{98540EDE-0F91-4FB8-B64F-F0A83CAC9171}.Release|x86.ActiveCfg = Release|Any CPU
		{98540EDE-0F91-4FB8-B64F-F0A83CAC9171}.Release|x86.Build.0 = Release|Any CPU
		{AF5FD922-F35E-484A-8D96-91DC354DE862}.Debug|Any CPU.ActiveCfg = Debug|Any CPU
		{AF5FD922-F35E-484A-8D96-91DC354DE862}.Debug|Any CPU.Build.0 = Debug|Any CPU
		{AF5FD922-F35E-484A-8D96-91DC354DE862}.Debug|x64.ActiveCfg = Debug|Any CPU
		{AF5FD922-F35E-484A-8D96-91DC354DE862}.Debug|x64.Build.0 = Debug|Any CPU
		{AF5FD922-F35E-484A-8D96-91DC354DE862}.Debug|x86.ActiveCfg = Debug|Any CPU
		{AF5FD922-F35E-484A-8D96-91DC354DE862}.Debug|x86.Build.0 = Debug|Any CPU
		{AF5FD922-F35E-484A-8D96-91DC354DE862}.Release|Any CPU.ActiveCfg = Release|Any CPU
		{AF5FD922-F35E-484A-8D96-91DC354DE862}.Release|Any CPU.Build.0 = Release|Any CPU
		{AF5FD922-F35E-484A-8D96-91DC354DE862}.Release|x64.ActiveCfg = Release|Any CPU
		{AF5FD922-F35E-484A-8D96-91DC354DE862}.Release|x64.Build.0 = Release|Any CPU
		{AF5FD922-F35E-484A-8D96-91DC354DE862}.Release|x86.ActiveCfg = Release|Any CPU
		{AF5FD922-F35E-484A-8D96-91DC354DE862}.Release|x86.Build.0 = Release|Any CPU
		{734A6E58-E8EA-4754-AFB8-3554F42187A5}.Debug|Any CPU.ActiveCfg = Debug|Any CPU
		{734A6E58-E8EA-4754-AFB8-3554F42187A5}.Debug|Any CPU.Build.0 = Debug|Any CPU
		{734A6E58-E8EA-4754-AFB8-3554F42187A5}.Debug|x64.ActiveCfg = Debug|Any CPU
		{734A6E58-E8EA-4754-AFB8-3554F42187A5}.Debug|x64.Build.0 = Debug|Any CPU
		{734A6E58-E8EA-4754-AFB8-3554F42187A5}.Debug|x86.ActiveCfg = Debug|Any CPU
		{734A6E58-E8EA-4754-AFB8-3554F42187A5}.Debug|x86.Build.0 = Debug|Any CPU
		{734A6E58-E8EA-4754-AFB8-3554F42187A5}.Release|Any CPU.ActiveCfg = Release|Any CPU
		{734A6E58-E8EA-4754-AFB8-3554F42187A5}.Release|Any CPU.Build.0 = Release|Any CPU
		{734A6E58-E8EA-4754-AFB8-3554F42187A5}.Release|x64.ActiveCfg = Release|Any CPU
		{734A6E58-E8EA-4754-AFB8-3554F42187A5}.Release|x64.Build.0 = Release|Any CPU
		{734A6E58-E8EA-4754-AFB8-3554F42187A5}.Release|x86.ActiveCfg = Release|Any CPU
		{734A6E58-E8EA-4754-AFB8-3554F42187A5}.Release|x86.Build.0 = Release|Any CPU
		{DB108544-80BF-4A4A-A411-5AE47BD92976}.Debug|Any CPU.ActiveCfg = Debug|Any CPU
		{DB108544-80BF-4A4A-A411-5AE47BD92976}.Debug|Any CPU.Build.0 = Debug|Any CPU
		{DB108544-80BF-4A4A-A411-5AE47BD92976}.Debug|x64.ActiveCfg = Debug|Any CPU
		{DB108544-80BF-4A4A-A411-5AE47BD92976}.Debug|x64.Build.0 = Debug|Any CPU
		{DB108544-80BF-4A4A-A411-5AE47BD92976}.Debug|x86.ActiveCfg = Debug|Any CPU
		{DB108544-80BF-4A4A-A411-5AE47BD92976}.Debug|x86.Build.0 = Debug|Any CPU
		{DB108544-80BF-4A4A-A411-5AE47BD92976}.Release|Any CPU.ActiveCfg = Release|Any CPU
		{DB108544-80BF-4A4A-A411-5AE47BD92976}.Release|Any CPU.Build.0 = Release|Any CPU
		{DB108544-80BF-4A4A-A411-5AE47BD92976}.Release|x64.ActiveCfg = Release|Any CPU
		{DB108544-80BF-4A4A-A411-5AE47BD92976}.Release|x64.Build.0 = Release|Any CPU
		{DB108544-80BF-4A4A-A411-5AE47BD92976}.Release|x86.ActiveCfg = Release|Any CPU
		{DB108544-80BF-4A4A-A411-5AE47BD92976}.Release|x86.Build.0 = Release|Any CPU
		{9D589BB9-4FAD-4543-98D4-1CE6C432C891}.Debug|Any CPU.ActiveCfg = Debug|Any CPU
		{9D589BB9-4FAD-4543-98D4-1CE6C432C891}.Debug|Any CPU.Build.0 = Debug|Any CPU
		{9D589BB9-4FAD-4543-98D4-1CE6C432C891}.Debug|x64.ActiveCfg = Debug|Any CPU
		{9D589BB9-4FAD-4543-98D4-1CE6C432C891}.Debug|x64.Build.0 = Debug|Any CPU
		{9D589BB9-4FAD-4543-98D4-1CE6C432C891}.Debug|x86.ActiveCfg = Debug|Any CPU
		{9D589BB9-4FAD-4543-98D4-1CE6C432C891}.Debug|x86.Build.0 = Debug|Any CPU
		{9D589BB9-4FAD-4543-98D4-1CE6C432C891}.Release|Any CPU.ActiveCfg = Release|Any CPU
		{9D589BB9-4FAD-4543-98D4-1CE6C432C891}.Release|Any CPU.Build.0 = Release|Any CPU
		{9D589BB9-4FAD-4543-98D4-1CE6C432C891}.Release|x64.ActiveCfg = Release|Any CPU
		{9D589BB9-4FAD-4543-98D4-1CE6C432C891}.Release|x64.Build.0 = Release|Any CPU
		{9D589BB9-4FAD-4543-98D4-1CE6C432C891}.Release|x86.ActiveCfg = Release|Any CPU
		{9D589BB9-4FAD-4543-98D4-1CE6C432C891}.Release|x86.Build.0 = Release|Any CPU
		{2706844B-28FA-44EC-8145-A8B3DD7E17E1}.Debug|Any CPU.ActiveCfg = Debug|Any CPU
		{2706844B-28FA-44EC-8145-A8B3DD7E17E1}.Debug|Any CPU.Build.0 = Debug|Any CPU
		{2706844B-28FA-44EC-8145-A8B3DD7E17E1}.Debug|x64.ActiveCfg = Debug|Any CPU
		{2706844B-28FA-44EC-8145-A8B3DD7E17E1}.Debug|x64.Build.0 = Debug|Any CPU
		{2706844B-28FA-44EC-8145-A8B3DD7E17E1}.Debug|x86.ActiveCfg = Debug|Any CPU
		{2706844B-28FA-44EC-8145-A8B3DD7E17E1}.Debug|x86.Build.0 = Debug|Any CPU
		{2706844B-28FA-44EC-8145-A8B3DD7E17E1}.Release|Any CPU.ActiveCfg = Release|Any CPU
		{2706844B-28FA-44EC-8145-A8B3DD7E17E1}.Release|Any CPU.Build.0 = Release|Any CPU
		{2706844B-28FA-44EC-8145-A8B3DD7E17E1}.Release|x64.ActiveCfg = Release|Any CPU
		{2706844B-28FA-44EC-8145-A8B3DD7E17E1}.Release|x64.Build.0 = Release|Any CPU
		{2706844B-28FA-44EC-8145-A8B3DD7E17E1}.Release|x86.ActiveCfg = Release|Any CPU
		{2706844B-28FA-44EC-8145-A8B3DD7E17E1}.Release|x86.Build.0 = Release|Any CPU
		{57042F35-F421-4A8A-90AC-343CC4F9DF62}.Debug|Any CPU.ActiveCfg = Debug|Any CPU
		{57042F35-F421-4A8A-90AC-343CC4F9DF62}.Debug|Any CPU.Build.0 = Debug|Any CPU
		{57042F35-F421-4A8A-90AC-343CC4F9DF62}.Debug|x64.ActiveCfg = Debug|Any CPU
		{57042F35-F421-4A8A-90AC-343CC4F9DF62}.Debug|x64.Build.0 = Debug|Any CPU
		{57042F35-F421-4A8A-90AC-343CC4F9DF62}.Debug|x86.ActiveCfg = Debug|Any CPU
		{57042F35-F421-4A8A-90AC-343CC4F9DF62}.Debug|x86.Build.0 = Debug|Any CPU
		{57042F35-F421-4A8A-90AC-343CC4F9DF62}.Release|Any CPU.ActiveCfg = Release|Any CPU
		{57042F35-F421-4A8A-90AC-343CC4F9DF62}.Release|Any CPU.Build.0 = Release|Any CPU
		{57042F35-F421-4A8A-90AC-343CC4F9DF62}.Release|x64.ActiveCfg = Release|Any CPU
		{57042F35-F421-4A8A-90AC-343CC4F9DF62}.Release|x64.Build.0 = Release|Any CPU
		{57042F35-F421-4A8A-90AC-343CC4F9DF62}.Release|x86.ActiveCfg = Release|Any CPU
		{57042F35-F421-4A8A-90AC-343CC4F9DF62}.Release|x86.Build.0 = Release|Any CPU
		{11AC8C47-F5A6-461E-B644-328C79B7CD19}.Debug|Any CPU.ActiveCfg = Debug|Any CPU
		{11AC8C47-F5A6-461E-B644-328C79B7CD19}.Debug|Any CPU.Build.0 = Debug|Any CPU
		{11AC8C47-F5A6-461E-B644-328C79B7CD19}.Debug|x64.ActiveCfg = Debug|Any CPU
		{11AC8C47-F5A6-461E-B644-328C79B7CD19}.Debug|x64.Build.0 = Debug|Any CPU
		{11AC8C47-F5A6-461E-B644-328C79B7CD19}.Debug|x86.ActiveCfg = Debug|Any CPU
		{11AC8C47-F5A6-461E-B644-328C79B7CD19}.Debug|x86.Build.0 = Debug|Any CPU
		{11AC8C47-F5A6-461E-B644-328C79B7CD19}.Release|Any CPU.ActiveCfg = Release|Any CPU
		{11AC8C47-F5A6-461E-B644-328C79B7CD19}.Release|Any CPU.Build.0 = Release|Any CPU
		{11AC8C47-F5A6-461E-B644-328C79B7CD19}.Release|x64.ActiveCfg = Release|Any CPU
		{11AC8C47-F5A6-461E-B644-328C79B7CD19}.Release|x64.Build.0 = Release|Any CPU
		{11AC8C47-F5A6-461E-B644-328C79B7CD19}.Release|x86.ActiveCfg = Release|Any CPU
		{11AC8C47-F5A6-461E-B644-328C79B7CD19}.Release|x86.Build.0 = Release|Any CPU
	EndGlobalSection
	GlobalSection(SolutionProperties) = preSolution
		HideSolutionNode = FALSE
	EndGlobalSection
	GlobalSection(NestedProjects) = preSolution
		{C1D5BCA1-F210-6F2E-0942-6CA340E1E789} = {827E0CD3-B72D-47B6-A68D-7590B98EB39B}
		{525596E0-B1AE-CBFC-4C6E-0AF73C53E379} = {C1D5BCA1-F210-6F2E-0942-6CA340E1E789}
		{7A34D135-D6EB-0AD4-5441-92FDF36274C9} = {525596E0-B1AE-CBFC-4C6E-0AF73C53E379}
		{98540EDE-0F91-4FB8-B64F-F0A83CAC9171} = {7A34D135-D6EB-0AD4-5441-92FDF36274C9}
		{AF5FD922-F35E-484A-8D96-91DC354DE862} = {7A34D135-D6EB-0AD4-5441-92FDF36274C9}
		{734A6E58-E8EA-4754-AFB8-3554F42187A5} = {7A34D135-D6EB-0AD4-5441-92FDF36274C9}
		{DB108544-80BF-4A4A-A411-5AE47BD92976} = {7A34D135-D6EB-0AD4-5441-92FDF36274C9}
		{C8E42992-5E42-0C2B-DBFE-AA848D06431C} = {827E0CD3-B72D-47B6-A68D-7590B98EB39B}
		{9D589BB9-4FAD-4543-98D4-1CE6C432C891} = {C8E42992-5E42-0C2B-DBFE-AA848D06431C}
		{2706844B-28FA-44EC-8145-A8B3DD7E17E1} = {C8E42992-5E42-0C2B-DBFE-AA848D06431C}
		{57042F35-F421-4A8A-90AC-343CC4F9DF62} = {C8E42992-5E42-0C2B-DBFE-AA848D06431C}
		{11AC8C47-F5A6-461E-B644-328C79B7CD19} = {C8E42992-5E42-0C2B-DBFE-AA848D06431C}
	EndGlobalSection
EndGlobal
